
Microsoft Visual Studio Solution File, Format Version 12.00
# Visual Studio Version 17
VisualStudioVersion = 17.10.35004.147
MinimumVisualStudioVersion = 10.0.40219.1
Project("{FAE04EC0-301F-11D3-BF4B-00C04F79EFBC}") = "GalleryApp", "GalleryApp\GalleryApp.csproj", "{D3362CFA-9952-4CBE-9C49-A2E1C6259905}"
EndProject
Global
	GlobalSection(SolutionConfigurationPlatforms) = preSolution
		Debug|Any CPU = Debug|Any CPU
		Release|Any CPU = Release|Any CPU
	EndGlobalSection
	GlobalSection(ProjectConfigurationPlatforms) = postSolution
		{D3362CFA-9952-4CBE-9C49-A2E1C6259905}.Debug|Any CPU.ActiveCfg = Debug|Any CPU
		{D3362CFA-9952-4CBE-9C49-A2E1C6259905}.Debug|Any CPU.Build.0 = Debug|Any CPU
		{D3362CFA-9952-4CBE-9C49-A2E1C6259905}.Debug|Any CPU.Deploy.0 = Debug|Any CPU
		{D3362CFA-9952-4CBE-9C49-A2E1C6259905}.Release|Any CPU.ActiveCfg = Release|Any CPU
		{D3362CFA-9952-4CBE-9C49-A2E1C6259905}.Release|Any CPU.Build.0 = Release|Any CPU
		{D3362CFA-9952-4CBE-9C49-A2E1C6259905}.Release|Any CPU.Deploy.0 = Release|Any CPU
	EndGlobalSection
	GlobalSection(SolutionProperties) = preSolution
		HideSolutionNode = FALSE
	EndGlobalSection
	GlobalSection(ExtensibilityGlobals) = postSolution
		SolutionGuid = {0307CD15-F9F0-4F85-B456-C425EA710488}
	EndGlobalSection
EndGlobal
